
Microsoft Visual Studio Solution File, Format Version 12.00
# Visual Studio 15
VisualStudioVersion = 15.0.26730.16
MinimumVisualStudioVersion = 10.0.40219.1
Project("{8BC9CEB8-8B4A-11D0-8D11-00A0C91BC942}") = "Practica2", "Practica2\Practica2.vcxproj", "{99DBB7C3-0557-49AA-97CC-E8196695DE50}"
EndProject
Global
	GlobalSection(SolutionConfigurationPlatforms) = preSolution
		Debug|x64 = Debug|x64
		Debug|x86 = Debug|x86
		Release|x64 = Release|x64
		Release|x86 = Release|x86
	EndGlobalSection
	GlobalSection(ProjectConfigurationPlatforms) = postSolution
		{99DBB7C3-0557-49AA-97CC-E8196695DE50}.Debug|x64.ActiveCfg = Debug|x64
		{99DBB7C3-0557-49AA-97CC-E8196695DE50}.Debug|x64.Build.0 = Debug|x64
		{99DBB7C3-0557-49AA-97CC-E8196695DE50}.Debug|x86.ActiveCfg = Debug|Win32
		{99DBB7C3-0557-49AA-97CC-E8196695DE50}.Debug|x86.Build.0 = Debug|Win32
		{99DBB7C3-0557-49AA-97CC-E8196695DE50}.Release|x64.ActiveCfg = Release|x64
		{99DBB7C3-0557-49AA-97CC-E8196695DE50}.Release|x64.Build.0 = Release|x64
		{99DBB7C3-0557-49AA-97CC-E8196695DE50}.Release|x86.ActiveCfg = Release|Win32
		{99DBB7C3-0557-49AA-97CC-E8196695DE50}.Release|x86.Build.0 = Release|Win32
	EndGlobalSection
	GlobalSection(SolutionProperties) = preSolution
		HideSolutionNode = FALSE
	EndGlobalSection
	GlobalSection(ExtensibilityGlobals) = postSolution
		SolutionGuid = {C07CC776-C167-4082-828A-B7AAE6D50BC8}
	EndGlobalSection
EndGlobal
